// !$*UTF8*$!
{
	archiveVersion = 1;
	classes = {
	};
	objectVersion = 46;
	objects = {

/* Begin PBXBuildFile section */
		3EAC67716081B3D578723D79 /* libPods-RECRU.a in Frameworks */ = {isa = PBXBuildFile; fileRef = 798A6256DE91FD08B2A9457B /* libPods-RECRU.a */; };
		D32AD37919E2C98200FA6610 /* main.m in Sources */ = {isa = PBXBuildFile; fileRef = D32AD37819E2C98200FA6610 /* main.m */; };
		D32AD37C19E2C98200FA6610 /* AppDelegate.m in Sources */ = {isa = PBXBuildFile; fileRef = D32AD37B19E2C98200FA6610 /* AppDelegate.m */; };
		D32AD37F19E2C98200FA6610 /* ViewController.m in Sources */ = {isa = PBXBuildFile; fileRef = D32AD37E19E2C98200FA6610 /* ViewController.m */; };
		D32AD38219E2C98200FA6610 /* Main.storyboard in Resources */ = {isa = PBXBuildFile; fileRef = D32AD38019E2C98200FA6610 /* Main.storyboard */; };
		D32AD38419E2C98200FA6610 /* Images.xcassets in Resources */ = {isa = PBXBuildFile; fileRef = D32AD38319E2C98200FA6610 /* Images.xcassets */; };
		D32AD38719E2C98200FA6610 /* LaunchScreen.xib in Resources */ = {isa = PBXBuildFile; fileRef = D32AD38519E2C98200FA6610 /* LaunchScreen.xib */; };
		D32AD39319E2C98200FA6610 /* RECRUTests.m in Sources */ = {isa = PBXBuildFile; fileRef = D32AD39219E2C98200FA6610 /* RECRUTests.m */; };
		D341F2D019F5388F00530F65 /* InterviewReviewDetailViewController.m in Sources */ = {isa = PBXBuildFile; fileRef = D341F2CF19F5388F00530F65 /* InterviewReviewDetailViewController.m */; };
		D36DDE8D19F8DFC8004513B9 /* ReviewSubmittedConfirmationViewController.m in Sources */ = {isa = PBXBuildFile; fileRef = D36DDE8C19F8DFC8004513B9 /* ReviewSubmittedConfirmationViewController.m */; };
		D386576119E660F0009CE996 /* Review.m in Sources */ = {isa = PBXBuildFile; fileRef = D386576019E660F0009CE996 /* Review.m */; };
		D38C073C19F8D5ED0061E64B /* ConfirmationBaseViewController.m in Sources */ = {isa = PBXBuildFile; fileRef = D38C073B19F8D5ED0061E64B /* ConfirmationBaseViewController.m */; };
		D3ACF1D219E2D80A0013D91C /* RecruAPIClient.m in Sources */ = {isa = PBXBuildFile; fileRef = D3ACF1D119E2D80A0013D91C /* RecruAPIClient.m */; };
		D3E458A419F9F09B004F5A86 /* HomeViewController.m in Sources */ = {isa = PBXBuildFile; fileRef = D3E458A319F9F09B004F5A86 /* HomeViewController.m */; };
		D3E458A719FA2E77004F5A86 /* Company.m in Sources */ = {isa = PBXBuildFile; fileRef = D3E458A619FA2E77004F5A86 /* Company.m */; };
		D3F201E219E3CE1400B9EEC8 /* SubmitReviewFormViewController.m in Sources */ = {isa = PBXBuildFile; fileRef = D3F201E119E3CE1400B9EEC8 /* SubmitReviewFormViewController.m */; };
/* End PBXBuildFile section */

/* Begin PBXContainerItemProxy section */
		D32AD38D19E2C98200FA6610 /* PBXContainerItemProxy */ = {
			isa = PBXContainerItemProxy;
			containerPortal = D32AD36B19E2C98200FA6610 /* Project object */;
			proxyType = 1;
			remoteGlobalIDString = D32AD37219E2C98200FA6610;
			remoteInfo = RECRU;
		};
/* End PBXContainerItemProxy section */

/* Begin PBXFileReference section */
		61A5CB6379600237DB2F2BA7 /* Pods-RECRU.debug.xcconfig */ = {isa = PBXFileReference; includeInIndex = 1; lastKnownFileType = text.xcconfig; name = "Pods-RECRU.debug.xcconfig"; path = "Pods/Target Support Files/Pods-RECRU/Pods-RECRU.debug.xcconfig"; sourceTree = "<group>"; };
		798A6256DE91FD08B2A9457B /* libPods-RECRU.a */ = {isa = PBXFileReference; explicitFileType = archive.ar; includeInIndex = 0; path = "libPods-RECRU.a"; sourceTree = BUILT_PRODUCTS_DIR; };
		9C514C6CF20E3A565FA8CD8E /* Pods-RECRU.release.xcconfig */ = {isa = PBXFileReference; includeInIndex = 1; lastKnownFileType = text.xcconfig; name = "Pods-RECRU.release.xcconfig"; path = "Pods/Target Support Files/Pods-RECRU/Pods-RECRU.release.xcconfig"; sourceTree = "<group>"; };
		D32AD37319E2C98200FA6610 /* RECRU.app */ = {isa = PBXFileReference; explicitFileType = wrapper.application; includeInIndex = 0; path = RECRU.app; sourceTree = BUILT_PRODUCTS_DIR; };
		D32AD37719E2C98200FA6610 /* Info.plist */ = {isa = PBXFileReference; lastKnownFileType = text.plist.xml; path = Info.plist; sourceTree = "<group>"; };
		D32AD37819E2C98200FA6610 /* main.m */ = {isa = PBXFileReference; lastKnownFileType = sourcecode.c.objc; path = main.m; sourceTree = "<group>"; };
		D32AD37A19E2C98200FA6610 /* AppDelegate.h */ = {isa = PBXFileReference; lastKnownFileType = sourcecode.c.h; path = AppDelegate.h; sourceTree = "<group>"; };
		D32AD37B19E2C98200FA6610 /* AppDelegate.m */ = {isa = PBXFileReference; lastKnownFileType = sourcecode.c.objc; path = AppDelegate.m; sourceTree = "<group>"; };
		D32AD37D19E2C98200FA6610 /* ViewController.h */ = {isa = PBXFileReference; lastKnownFileType = sourcecode.c.h; path = ViewController.h; sourceTree = "<group>"; };
		D32AD37E19E2C98200FA6610 /* ViewController.m */ = {isa = PBXFileReference; lastKnownFileType = sourcecode.c.objc; path = ViewController.m; sourceTree = "<group>"; };
		D32AD38119E2C98200FA6610 /* Base */ = {isa = PBXFileReference; lastKnownFileType = file.storyboard; name = Base; path = Base.lproj/Main.storyboard; sourceTree = "<group>"; };
		D32AD38319E2C98200FA6610 /* Images.xcassets */ = {isa = PBXFileReference; lastKnownFileType = folder.assetcatalog; path = Images.xcassets; sourceTree = "<group>"; };
		D32AD38619E2C98200FA6610 /* Base */ = {isa = PBXFileReference; lastKnownFileType = file.xib; name = Base; path = Base.lproj/LaunchScreen.xib; sourceTree = "<group>"; };
		D32AD38C19E2C98200FA6610 /* RECRUTests.xctest */ = {isa = PBXFileReference; explicitFileType = wrapper.cfbundle; includeInIndex = 0; path = RECRUTests.xctest; sourceTree = BUILT_PRODUCTS_DIR; };
		D32AD39119E2C98200FA6610 /* Info.plist */ = {isa = PBXFileReference; lastKnownFileType = text.plist.xml; path = Info.plist; sourceTree = "<group>"; };
		D32AD39219E2C98200FA6610 /* RECRUTests.m */ = {isa = PBXFileReference; lastKnownFileType = sourcecode.c.objc; path = RECRUTests.m; sourceTree = "<group>"; };
		D341F2CE19F5388F00530F65 /* InterviewReviewDetailViewController.h */ = {isa = PBXFileReference; fileEncoding = 4; lastKnownFileType = sourcecode.c.h; name = InterviewReviewDetailViewController.h; path = "View Controllers/InterviewReviewDetailViewController.h"; sourceTree = "<group>"; };
		D341F2CF19F5388F00530F65 /* InterviewReviewDetailViewController.m */ = {isa = PBXFileReference; fileEncoding = 4; lastKnownFileType = sourcecode.c.objc; name = InterviewReviewDetailViewController.m; path = "View Controllers/InterviewReviewDetailViewController.m"; sourceTree = "<group>"; };
		D36DDE8B19F8DFC8004513B9 /* ReviewSubmittedConfirmationViewController.h */ = {isa = PBXFileReference; fileEncoding = 4; lastKnownFileType = sourcecode.c.h; name = ReviewSubmittedConfirmationViewController.h; path = "View Controllers/ReviewSubmittedConfirmationViewController.h"; sourceTree = "<group>"; };
		D36DDE8C19F8DFC8004513B9 /* ReviewSubmittedConfirmationViewController.m */ = {isa = PBXFileReference; fileEncoding = 4; lastKnownFileType = sourcecode.c.objc; name = ReviewSubmittedConfirmationViewController.m; path = "View Controllers/ReviewSubmittedConfirmationViewController.m"; sourceTree = "<group>"; };
		D386575F19E660EF009CE996 /* Review.h */ = {isa = PBXFileReference; fileEncoding = 4; lastKnownFileType = sourcecode.c.h; name = Review.h; path = Models/Review.h; sourceTree = "<group>"; };
		D386576019E660F0009CE996 /* Review.m */ = {isa = PBXFileReference; fileEncoding = 4; lastKnownFileType = sourcecode.c.objc; name = Review.m; path = Models/Review.m; sourceTree = "<group>"; };
		D38C073A19F8D5ED0061E64B /* ConfirmationBaseViewController.h */ = {isa = PBXFileReference; fileEncoding = 4; lastKnownFileType = sourcecode.c.h; name = ConfirmationBaseViewController.h; path = "View Controllers/ConfirmationBaseViewController.h"; sourceTree = "<group>"; };
		D38C073B19F8D5ED0061E64B /* ConfirmationBaseViewController.m */ = {isa = PBXFileReference; fileEncoding = 4; lastKnownFileType = sourcecode.c.objc; name = ConfirmationBaseViewController.m; path = "View Controllers/ConfirmationBaseViewController.m"; sourceTree = "<group>"; };
		D3ACF1D019E2D80A0013D91C /* RecruAPIClient.h */ = {isa = PBXFileReference; fileEncoding = 4; lastKnownFileType = sourcecode.c.h; name = RecruAPIClient.h; path = "Web Services/RecruAPIClient.h"; sourceTree = "<group>"; };
		D3ACF1D119E2D80A0013D91C /* RecruAPIClient.m */ = {isa = PBXFileReference; fileEncoding = 4; lastKnownFileType = sourcecode.c.objc; name = RecruAPIClient.m; path = "Web Services/RecruAPIClient.m"; sourceTree = "<group>"; };
		D3E458A219F9F09B004F5A86 /* HomeViewController.h */ = {isa = PBXFileReference; fileEncoding = 4; lastKnownFileType = sourcecode.c.h; name = HomeViewController.h; path = "View Controllers/HomeViewController.h"; sourceTree = "<group>"; };
		D3E458A319F9F09B004F5A86 /* HomeViewController.m */ = {isa = PBXFileReference; fileEncoding = 4; lastKnownFileType = sourcecode.c.objc; name = HomeViewController.m; path = "View Controllers/HomeViewController.m"; sourceTree = "<group>"; };
		D3E458A519FA2E77004F5A86 /* Company.h */ = {isa = PBXFileReference; fileEncoding = 4; lastKnownFileType = sourcecode.c.h; name = Company.h; path = Models/Company.h; sourceTree = "<group>"; };
		D3E458A619FA2E77004F5A86 /* Company.m */ = {isa = PBXFileReference; fileEncoding = 4; lastKnownFileType = sourcecode.c.objc; name = Company.m; path = Models/Company.m; sourceTree = "<group>"; };
		D3F201E019E3CE1400B9EEC8 /* SubmitReviewFormViewController.h */ = {isa = PBXFileReference; fileEncoding = 4; lastKnownFileType = sourcecode.c.h; name = SubmitReviewFormViewController.h; path = "View Controllers/SubmitReviewFormViewController.h"; sourceTree = "<group>"; };
		D3F201E119E3CE1400B9EEC8 /* SubmitReviewFormViewController.m */ = {isa = PBXFileReference; fileEncoding = 4; lastKnownFileType = sourcecode.c.objc; name = SubmitReviewFormViewController.m; path = "View Controllers/SubmitReviewFormViewController.m"; sourceTree = "<group>"; };
/* End PBXFileReference section */

/* Begin PBXFrameworksBuildPhase section */
		D32AD37019E2C98200FA6610 /* Frameworks */ = {
			isa = PBXFrameworksBuildPhase;
			buildActionMask = 2147483647;
			files = (
				3EAC67716081B3D578723D79 /* libPods-RECRU.a in Frameworks */,
			);
			runOnlyForDeploymentPostprocessing = 0;
		};
		D32AD38919E2C98200FA6610 /* Frameworks */ = {
			isa = PBXFrameworksBuildPhase;
			buildActionMask = 2147483647;
			files = (
			);
			runOnlyForDeploymentPostprocessing = 0;
		};
/* End PBXFrameworksBuildPhase section */

/* Begin PBXGroup section */
		05DF28647F99D2004006DBE4 /* Frameworks */ = {
			isa = PBXGroup;
			children = (
				798A6256DE91FD08B2A9457B /* libPods-RECRU.a */,
			);
			name = Frameworks;
			sourceTree = "<group>";
		};
		AF3CEEDB66F86F756EDCDA09 /* Pods */ = {
			isa = PBXGroup;
			children = (
				61A5CB6379600237DB2F2BA7 /* Pods-RECRU.debug.xcconfig */,
				9C514C6CF20E3A565FA8CD8E /* Pods-RECRU.release.xcconfig */,
			);
			name = Pods;
			sourceTree = "<group>";
		};
		D32AD36A19E2C98200FA6610 = {
			isa = PBXGroup;
			children = (
				D32AD37519E2C98200FA6610 /* RECRU */,
				D32AD38F19E2C98200FA6610 /* RECRUTests */,
				D32AD37419E2C98200FA6610 /* Products */,
				AF3CEEDB66F86F756EDCDA09 /* Pods */,
				05DF28647F99D2004006DBE4 /* Frameworks */,
			);
			sourceTree = "<group>";
		};
		D32AD37419E2C98200FA6610 /* Products */ = {
			isa = PBXGroup;
			children = (
				D32AD37319E2C98200FA6610 /* RECRU.app */,
				D32AD38C19E2C98200FA6610 /* RECRUTests.xctest */,
			);
			name = Products;
			sourceTree = "<group>";
		};
		D32AD37519E2C98200FA6610 /* RECRU */ = {
			isa = PBXGroup;
			children = (
				D3ACF1C919E2D1A60013D91C /* Models */,
				D3ACF1C819E2CC660013D91C /* View Controllers */,
				D3ACF1CA19E2D6FA0013D91C /* Web Services */,
				D32AD38319E2C98200FA6610 /* Images.xcassets */,
				D32AD38019E2C98200FA6610 /* Main.storyboard */,
				D32AD38519E2C98200FA6610 /* LaunchScreen.xib */,
				D32AD37619E2C98200FA6610 /* Supporting Files */,
			);
			path = RECRU;
			sourceTree = "<group>";
		};
		D32AD37619E2C98200FA6610 /* Supporting Files */ = {
			isa = PBXGroup;
			children = (
				D32AD37A19E2C98200FA6610 /* AppDelegate.h */,
				D32AD37B19E2C98200FA6610 /* AppDelegate.m */,
				D32AD37719E2C98200FA6610 /* Info.plist */,
				D32AD37819E2C98200FA6610 /* main.m */,
			);
			name = "Supporting Files";
			sourceTree = "<group>";
		};
		D32AD38F19E2C98200FA6610 /* RECRUTests */ = {
			isa = PBXGroup;
			children = (
				D32AD39219E2C98200FA6610 /* RECRUTests.m */,
				D32AD39019E2C98200FA6610 /* Supporting Files */,
			);
			path = RECRUTests;
			sourceTree = "<group>";
		};
		D32AD39019E2C98200FA6610 /* Supporting Files */ = {
			isa = PBXGroup;
			children = (
				D32AD39119E2C98200FA6610 /* Info.plist */,
			);
			name = "Supporting Files";
			sourceTree = "<group>";
		};
		D3ACF1C819E2CC660013D91C /* View Controllers */ = {
			isa = PBXGroup;
			children = (
				D3E4589E19F9EF71004F5A86 /* Home */,
				D3B4667619F794890023ECA1 /* Submit Review Form */,
				D3B4667519F7947C0023ECA1 /* Interview Review Detail View */,
				D38C073A19F8D5ED0061E64B /* ConfirmationBaseViewController.h */,
				D38C073B19F8D5ED0061E64B /* ConfirmationBaseViewController.m */,
				D32AD37D19E2C98200FA6610 /* ViewController.h */,
				D32AD37E19E2C98200FA6610 /* ViewController.m */,
			);
			name = "View Controllers";
			sourceTree = "<group>";
		};
		D3ACF1C919E2D1A60013D91C /* Models */ = {
			isa = PBXGroup;
			children = (
				D386575F19E660EF009CE996 /* Review.h */,
				D386576019E660F0009CE996 /* Review.m */,
				D3E458A519FA2E77004F5A86 /* Company.h */,
				D3E458A619FA2E77004F5A86 /* Company.m */,
			);
			name = Models;
			sourceTree = "<group>";
		};
		D3ACF1CA19E2D6FA0013D91C /* Web Services */ = {
			isa = PBXGroup;
			children = (
				D3ACF1D019E2D80A0013D91C /* RecruAPIClient.h */,
				D3ACF1D119E2D80A0013D91C /* RecruAPIClient.m */,
			);
			name = "Web Services";
			sourceTree = "<group>";
		};
		D3B4667519F7947C0023ECA1 /* Interview Review Detail View */ = {
			isa = PBXGroup;
			children = (
				D341F2CE19F5388F00530F65 /* InterviewReviewDetailViewController.h */,
				D341F2CF19F5388F00530F65 /* InterviewReviewDetailViewController.m */,
			);
			name = "Interview Review Detail View";
			sourceTree = "<group>";
		};
		D3B4667619F794890023ECA1 /* Submit Review Form */ = {
			isa = PBXGroup;
			children = (
				D3F201E019E3CE1400B9EEC8 /* SubmitReviewFormViewController.h */,
				D3F201E119E3CE1400B9EEC8 /* SubmitReviewFormViewController.m */,
				D36DDE8B19F8DFC8004513B9 /* ReviewSubmittedConfirmationViewController.h */,
				D36DDE8C19F8DFC8004513B9 /* ReviewSubmittedConfirmationViewController.m */,
			);
			name = "Submit Review Form";
			sourceTree = "<group>";
		};
		D3E4589E19F9EF71004F5A86 /* Home */ = {
			isa = PBXGroup;
			children = (
				D3E458A219F9F09B004F5A86 /* HomeViewController.h */,
				D3E458A319F9F09B004F5A86 /* HomeViewController.m */,
			);
			name = Home;
			sourceTree = "<group>";
		};
/* End PBXGroup section */

/* Begin PBXNativeTarget section */
		D32AD37219E2C98200FA6610 /* RECRU */ = {
			isa = PBXNativeTarget;
			buildConfigurationList = D32AD39619E2C98200FA6610 /* Build configuration list for PBXNativeTarget "RECRU" */;
			buildPhases = (
				3CA2DFDD891CA8D4A6B85928 /* Check Pods Manifest.lock */,
				D32AD36F19E2C98200FA6610 /* Sources */,
				D32AD37019E2C98200FA6610 /* Frameworks */,
				D32AD37119E2C98200FA6610 /* Resources */,
				65F9424BBB2BE1E292189CF4 /* Copy Pods Resources */,
			);
			buildRules = (
			);
			dependencies = (
			);
			name = RECRU;
			productName = RECRU;
			productReference = D32AD37319E2C98200FA6610 /* RECRU.app */;
			productType = "com.apple.product-type.application";
		};
		D32AD38B19E2C98200FA6610 /* RECRUTests */ = {
			isa = PBXNativeTarget;
			buildConfigurationList = D32AD39919E2C98200FA6610 /* Build configuration list for PBXNativeTarget "RECRUTests" */;
			buildPhases = (
				D32AD38819E2C98200FA6610 /* Sources */,
				D32AD38919E2C98200FA6610 /* Frameworks */,
				D32AD38A19E2C98200FA6610 /* Resources */,
			);
			buildRules = (
			);
			dependencies = (
				D32AD38E19E2C98200FA6610 /* PBXTargetDependency */,
			);
			name = RECRUTests;
			productName = RECRUTests;
			productReference = D32AD38C19E2C98200FA6610 /* RECRUTests.xctest */;
			productType = "com.apple.product-type.bundle.unit-test";
		};
/* End PBXNativeTarget section */

/* Begin PBXProject section */
		D32AD36B19E2C98200FA6610 /* Project object */ = {
			isa = PBXProject;
			attributes = {
				LastUpgradeCheck = 0600;
				ORGANIZATIONNAME = "Givery Technology";
				TargetAttributes = {
					D32AD37219E2C98200FA6610 = {
						CreatedOnToolsVersion = 6.0.1;
					};
					D32AD38B19E2C98200FA6610 = {
						CreatedOnToolsVersion = 6.0.1;
						TestTargetID = D32AD37219E2C98200FA6610;
					};
				};
			};
			buildConfigurationList = D32AD36E19E2C98200FA6610 /* Build configuration list for PBXProject "RECRU" */;
			compatibilityVersion = "Xcode 3.2";
			developmentRegion = English;
			hasScannedForEncodings = 0;
			knownRegions = (
				en,
				Base,
			);
			mainGroup = D32AD36A19E2C98200FA6610;
			productRefGroup = D32AD37419E2C98200FA6610 /* Products */;
			projectDirPath = "";
			projectRoot = "";
			targets = (
				D32AD37219E2C98200FA6610 /* RECRU */,
				D32AD38B19E2C98200FA6610 /* RECRUTests */,
			);
		};
/* End PBXProject section */

/* Begin PBXResourcesBuildPhase section */
		D32AD37119E2C98200FA6610 /* Resources */ = {
			isa = PBXResourcesBuildPhase;
			buildActionMask = 2147483647;
			files = (
				D32AD38219E2C98200FA6610 /* Main.storyboard in Resources */,
				D32AD38719E2C98200FA6610 /* LaunchScreen.xib in Resources */,
				D32AD38419E2C98200FA6610 /* Images.xcassets in Resources */,
			);
			runOnlyForDeploymentPostprocessing = 0;
		};
		D32AD38A19E2C98200FA6610 /* Resources */ = {
			isa = PBXResourcesBuildPhase;
			buildActionMask = 2147483647;
			files = (
			);
			runOnlyForDeploymentPostprocessing = 0;
		};
/* End PBXResourcesBuildPhase section */

/* Begin PBXShellScriptBuildPhase section */
		3CA2DFDD891CA8D4A6B85928 /* Check Pods Manifest.lock */ = {
			isa = PBXShellScriptBuildPhase;
			buildActionMask = 2147483647;
			files = (
			);
			inputPaths = (
			);
			name = "Check Pods Manifest.lock";
			outputPaths = (
			);
			runOnlyForDeploymentPostprocessing = 0;
			shellPath = /bin/sh;
			shellScript = "diff \"${PODS_ROOT}/../Podfile.lock\" \"${PODS_ROOT}/Manifest.lock\" > /dev/null\nif [[ $? != 0 ]] ; then\n    cat << EOM\nerror: The sandbox is not in sync with the Podfile.lock. Run 'pod install' or update your CocoaPods installation.\nEOM\n    exit 1\nfi\n";
			showEnvVarsInLog = 0;
		};
		65F9424BBB2BE1E292189CF4 /* Copy Pods Resources */ = {
			isa = PBXShellScriptBuildPhase;
			buildActionMask = 2147483647;
			files = (
			);
			inputPaths = (
			);
			name = "Copy Pods Resources";
			outputPaths = (
			);
			runOnlyForDeploymentPostprocessing = 0;
			shellPath = /bin/sh;
			shellScript = "\"${SRCROOT}/Pods/Target Support Files/Pods-RECRU/Pods-RECRU-resources.sh\"\n";
			showEnvVarsInLog = 0;
		};
/* End PBXShellScriptBuildPhase section */

/* Begin PBXSourcesBuildPhase section */
		D32AD36F19E2C98200FA6610 /* Sources */ = {
			isa = PBXSourcesBuildPhase;
			buildActionMask = 2147483647;
			files = (
				D36DDE8D19F8DFC8004513B9 /* ReviewSubmittedConfirmationViewController.m in Sources */,
				D32AD37F19E2C98200FA6610 /* ViewController.m in Sources */,
				D3ACF1D219E2D80A0013D91C /* RecruAPIClient.m in Sources */,
				D3E458A419F9F09B004F5A86 /* HomeViewController.m in Sources */,
				D32AD37C19E2C98200FA6610 /* AppDelegate.m in Sources */,
				D3F201E219E3CE1400B9EEC8 /* SubmitReviewFormViewController.m in Sources */,
				D38C073C19F8D5ED0061E64B /* ConfirmationBaseViewController.m in Sources */,
				D32AD37919E2C98200FA6610 /* main.m in Sources */,
				D386576119E660F0009CE996 /* Review.m in Sources */,
				D341F2D019F5388F00530F65 /* InterviewReviewDetailViewController.m in Sources */,
				D3E458A719FA2E77004F5A86 /* Company.m in Sources */,
			);
			runOnlyForDeploymentPostprocessing = 0;
		};
		D32AD38819E2C98200FA6610 /* Sources */ = {
			isa = PBXSourcesBuildPhase;
			buildActionMask = 2147483647;
			files = (
				D32AD39319E2C98200FA6610 /* RECRUTests.m in Sources */,
			);
			runOnlyForDeploymentPostprocessing = 0;
		};
/* End PBXSourcesBuildPhase section */

/* Begin PBXTargetDependency section */
		D32AD38E19E2C98200FA6610 /* PBXTargetDependency */ = {
			isa = PBXTargetDependency;
			target = D32AD37219E2C98200FA6610 /* RECRU */;
			targetProxy = D32AD38D19E2C98200FA6610 /* PBXContainerItemProxy */;
		};
/* End PBXTargetDependency section */

/* Begin PBXVariantGroup section */
		D32AD38019E2C98200FA6610 /* Main.storyboard */ = {
			isa = PBXVariantGroup;
			children = (
				D32AD38119E2C98200FA6610 /* Base */,
			);
			name = Main.storyboard;
			sourceTree = "<group>";
		};
		D32AD38519E2C98200FA6610 /* LaunchScreen.xib */ = {
			isa = PBXVariantGroup;
			children = (
				D32AD38619E2C98200FA6610 /* Base */,
			);
			name = LaunchScreen.xib;
			sourceTree = "<group>";
		};
/* End PBXVariantGroup section */

/* Begin XCBuildConfiguration section */
		D32AD39419E2C98200FA6610 /* Debug */ = {
			isa = XCBuildConfiguration;
			buildSettings = {
				ALWAYS_SEARCH_USER_PATHS = NO;
				CLANG_CXX_LANGUAGE_STANDARD = "gnu++0x";
				CLANG_CXX_LIBRARY = "libc++";
				CLANG_ENABLE_MODULES = YES;
				CLANG_ENABLE_OBJC_ARC = YES;
				CLANG_WARN_BOOL_CONVERSION = YES;
				CLANG_WARN_CONSTANT_CONVERSION = YES;
				CLANG_WARN_DIRECT_OBJC_ISA_USAGE = YES_ERROR;
				CLANG_WARN_EMPTY_BODY = YES;
				CLANG_WARN_ENUM_CONVERSION = YES;
				CLANG_WARN_INT_CONVERSION = YES;
				CLANG_WARN_OBJC_ROOT_CLASS = YES_ERROR;
				CLANG_WARN_UNREACHABLE_CODE = YES;
				CLANG_WARN__DUPLICATE_METHOD_MATCH = YES;
				"CODE_SIGN_IDENTITY[sdk=iphoneos*]" = "iPhone Developer";
				COPY_PHASE_STRIP = NO;
				ENABLE_STRICT_OBJC_MSGSEND = YES;
				GCC_C_LANGUAGE_STANDARD = gnu99;
				GCC_DYNAMIC_NO_PIC = NO;
				GCC_OPTIMIZATION_LEVEL = 0;
				GCC_PREPROCESSOR_DEFINITIONS = (
					"DEBUG=1",
					"$(inherited)",
				);
				GCC_SYMBOLS_PRIVATE_EXTERN = NO;
				GCC_WARN_64_TO_32_BIT_CONVERSION = YES;
				GCC_WARN_ABOUT_RETURN_TYPE = YES_ERROR;
				GCC_WARN_UNDECLARED_SELECTOR = YES;
				GCC_WARN_UNINITIALIZED_AUTOS = YES_AGGRESSIVE;
				GCC_WARN_UNUSED_FUNCTION = YES;
				GCC_WARN_UNUSED_VARIABLE = YES;
				IPHONEOS_DEPLOYMENT_TARGET = 8.0;
				MTL_ENABLE_DEBUG_INFO = YES;
				ONLY_ACTIVE_ARCH = YES;
				SDKROOT = iphoneos;
			};
			name = Debug;
		};
		D32AD39519E2C98200FA6610 /* Release */ = {
			isa = XCBuildConfiguration;
			buildSettings = {
				ALWAYS_SEARCH_USER_PATHS = NO;
				CLANG_CXX_LANGUAGE_STANDARD = "gnu++0x";
				CLANG_CXX_LIBRARY = "libc++";
				CLANG_ENABLE_MODULES = YES;
				CLANG_ENABLE_OBJC_ARC = YES;
				CLANG_WARN_BOOL_CONVERSION = YES;
				CLANG_WARN_CONSTANT_CONVERSION = YES;
				CLANG_WARN_DIRECT_OBJC_ISA_USAGE = YES_ERROR;
				CLANG_WARN_EMPTY_BODY = YES;
				CLANG_WARN_ENUM_CONVERSION = YES;
				CLANG_WARN_INT_CONVERSION = YES;
				CLANG_WARN_OBJC_ROOT_CLASS = YES_ERROR;
				CLANG_WARN_UNREACHABLE_CODE = YES;
				CLANG_WARN__DUPLICATE_METHOD_MATCH = YES;
				"CODE_SIGN_IDENTITY[sdk=iphoneos*]" = "iPhone Developer";
				COPY_PHASE_STRIP = YES;
				ENABLE_NS_ASSERTIONS = NO;
				ENABLE_STRICT_OBJC_MSGSEND = YES;
				GCC_C_LANGUAGE_STANDARD = gnu99;
				GCC_WARN_64_TO_32_BIT_CONVERSION = YES;
				GCC_WARN_ABOUT_RETURN_TYPE = YES_ERROR;
				GCC_WARN_UNDECLARED_SELECTOR = YES;
				GCC_WARN_UNINITIALIZED_AUTOS = YES_AGGRESSIVE;
				GCC_WARN_UNUSED_FUNCTION = YES;
				GCC_WARN_UNUSED_VARIABLE = YES;
				IPHONEOS_DEPLOYMENT_TARGET = 8.0;
				MTL_ENABLE_DEBUG_INFO = NO;
				SDKROOT = iphoneos;
				VALIDATE_PRODUCT = YES;
			};
			name = Release;
		};
		D32AD39719E2C98200FA6610 /* Debug */ = {
			isa = XCBuildConfiguration;
			baseConfigurationReference = 61A5CB6379600237DB2F2BA7 /* Pods-RECRU.debug.xcconfig */;
			buildSettings = {
				ASSETCATALOG_COMPILER_APPICON_NAME = AppIcon;
				INFOPLIST_FILE = RECRU/Info.plist;
				IPHONEOS_DEPLOYMENT_TARGET = 8.1;
				LD_RUNPATH_SEARCH_PATHS = "$(inherited) @executable_path/Frameworks";
				PRODUCT_NAME = "$(TARGET_NAME)";
			};
			name = Debug;
		};
		D32AD39819E2C98200FA6610 /* Release */ = {
			isa = XCBuildConfiguration;
			baseConfigurationReference = 9C514C6CF20E3A565FA8CD8E /* Pods-RECRU.release.xcconfig */;
			buildSettings = {
				ASSETCATALOG_COMPILER_APPICON_NAME = AppIcon;
				INFOPLIST_FILE = RECRU/Info.plist;
				IPHONEOS_DEPLOYMENT_TARGET = 8.1;
				LD_RUNPATH_SEARCH_PATHS = "$(inherited) @executable_path/Frameworks";
				PRODUCT_NAME = "$(TARGET_NAME)";
			};
			name = Release;
		};
		D32AD39A19E2C98200FA6610 /* Debug */ = {
			isa = XCBuildConfiguration;
			buildSettings = {
				BUNDLE_LOADER = "$(TEST_HOST)";
				FRAMEWORK_SEARCH_PATHS = (
					"$(SDKROOT)/Developer/Library/Frameworks",
					"$(inherited)",
				);
				GCC_PREPROCESSOR_DEFINITIONS = (
					"DEBUG=1",
					"$(inherited)",
				);
				INFOPLIST_FILE = RECRUTests/Info.plist;
				LD_RUNPATH_SEARCH_PATHS = "$(inherited) @executable_path/Frameworks @loader_path/Frameworks";
				PRODUCT_NAME = "$(TARGET_NAME)";
				TEST_HOST = "$(BUILT_PRODUCTS_DIR)/RECRU.app/RECRU";
			};
			name = Debug;
		};
		D32AD39B19E2C98200FA6610 /* Release */ = {
			isa = XCBuildConfiguration;
			buildSettings = {
				BUNDLE_LOADER = "$(TEST_HOST)";
				FRAMEWORK_SEARCH_PATHS = (
					"$(SDKROOT)/Developer/Library/Frameworks",
					"$(inherited)",
				);
				INFOPLIST_FILE = RECRUTests/Info.plist;
				LD_RUNPATH_SEARCH_PATHS = "$(inherited) @executable_path/Frameworks @loader_path/Frameworks";
				PRODUCT_NAME = "$(TARGET_NAME)";
				TEST_HOST = "$(BUILT_PRODUCTS_DIR)/RECRU.app/RECRU";
			};
			name = Release;
		};
/* End XCBuildConfiguration section */

/* Begin XCConfigurationList section */
		D32AD36E19E2C98200FA6610 /* Build configuration list for PBXProject "RECRU" */ = {
			isa = XCConfigurationList;
			buildConfigurations = (
				D32AD39419E2C98200FA6610 /* Debug */,
				D32AD39519E2C98200FA6610 /* Release */,
			);
			defaultConfigurationIsVisible = 0;
			defaultConfigurationName = Release;
		};
		D32AD39619E2C98200FA6610 /* Build configuration list for PBXNativeTarget "RECRU" */ = {
			isa = XCConfigurationList;
			buildConfigurations = (
				D32AD39719E2C98200FA6610 /* Debug */,
				D32AD39819E2C98200FA6610 /* Release */,
			);
			defaultConfigurationIsVisible = 0;
			defaultConfigurationName = Release;
		};
		D32AD39919E2C98200FA6610 /* Build configuration list for PBXNativeTarget "RECRUTests" */ = {
			isa = XCConfigurationList;
			buildConfigurations = (
				D32AD39A19E2C98200FA6610 /* Debug */,
				D32AD39B19E2C98200FA6610 /* Release */,
			);
			defaultConfigurationIsVisible = 0;
			defaultConfigurationName = Release;
		};
/* End XCConfigurationList section */
	};
	rootObject = D32AD36B19E2C98200FA6610 /* Project object */;
}
